
Microsoft Visual Studio Solution File, Format Version 12.00
# Visual Studio Version 16
VisualStudioVersion = 16.0.31515.178
MinimumVisualStudioVersion = 10.0.40219.1
Project("{FAE04EC0-301F-11D3-BF4B-00C04F79EFBC}") = "publishapponwebapp", "publishapponwebapp\publishapponwebapp.csproj", "{D9AC9F87-0CAF-4CE1-8249-D79C53A6CEDF}"
EndProject
Global
	GlobalSection(SolutionConfigurationPlatforms) = preSolution
		Debug|Any CPU = Debug|Any CPU
		Release|Any CPU = Release|Any CPU
	EndGlobalSection
	GlobalSection(ProjectConfigurationPlatforms) = postSolution
		{D9AC9F87-0CAF-4CE1-8249-D79C53A6CEDF}.Debug|Any CPU.ActiveCfg = Debug|Any CPU
		{D9AC9F87-0CAF-4CE1-8249-D79C53A6CEDF}.Debug|Any CPU.Build.0 = Debug|Any CPU
		{D9AC9F87-0CAF-4CE1-8249-D79C53A6CEDF}.Release|Any CPU.ActiveCfg = Release|Any CPU
		{D9AC9F87-0CAF-4CE1-8249-D79C53A6CEDF}.Release|Any CPU.Build.0 = Release|Any CPU
	EndGlobalSection
	GlobalSection(SolutionProperties) = preSolution
		HideSolutionNode = FALSE
	EndGlobalSection
	GlobalSection(ExtensibilityGlobals) = postSolution
		SolutionGuid = {13203DC6-4823-4582-826C-16FC8BF3A05C}
	EndGlobalSection
EndGlobal
